
Microsoft Visual Studio Solution File, Format Version 12.00
# Visual Studio 15
VisualStudioVersion = 15.0.28307.271
MinimumVisualStudioVersion = 10.0.40219.1
Project("{F184B08F-C81C-45F6-A57F-5ABD9991F28F}") = "ZilVisualizer", "Zork\ZilVisualizer.vbproj", "{05123B0B-D904-46EC-BB76-C25B192811CB}"
EndProject
Global
	GlobalSection(SolutionConfigurationPlatforms) = preSolution
		Debug|Any CPU = Debug|Any CPU
		Release|Any CPU = Release|Any CPU
	EndGlobalSection
	GlobalSection(ProjectConfigurationPlatforms) = postSolution
		{05123B0B-D904-46EC-BB76-C25B192811CB}.Debug|Any CPU.ActiveCfg = Debug|Any CPU
		{05123B0B-D904-46EC-BB76-C25B192811CB}.Debug|Any CPU.Build.0 = Debug|Any CPU
		{05123B0B-D904-46EC-BB76-C25B192811CB}.Release|Any CPU.ActiveCfg = Release|Any CPU
		{05123B0B-D904-46EC-BB76-C25B192811CB}.Release|Any CPU.Build.0 = Release|Any CPU
	EndGlobalSection
	GlobalSection(SolutionProperties) = preSolution
		HideSolutionNode = FALSE
	EndGlobalSection
	GlobalSection(ExtensibilityGlobals) = postSolution
		SolutionGuid = {9690BCED-8DBF-413C-9FE4-B3BB4349C749}
	EndGlobalSection
EndGlobal
